// !$*UTF8*$!
{
	archiveVersion = 1;
	classes = {
	};
	objectVersion = 50;
	objects = {

/* Begin PBXBuildFile section */
		CD1A7F63284C5E360038675C /* PrefsWindowController.m in Sources */ = {isa = PBXBuildFile; fileRef = CD1A7F60284C5E360038675C /* PrefsWindowController.m */; };
		CD1A7F64284C5E360038675C /* Preferences.xib in Resources */ = {isa = PBXBuildFile; fileRef = CD1A7F61284C5E360038675C /* Preferences.xib */; };
		CD1BFEB6231112A700230AE2 /* UpdateWindow.xib in Resources */ = {isa = PBXBuildFile; fileRef = CD1BFEB2231112A700230AE2 /* UpdateWindow.xib */; };
		CD1BFEB7231112A700230AE2 /* UpdateWindowController.m in Sources */ = {isa = PBXBuildFile; fileRef = CD1BFEB4231112A700230AE2 /* UpdateWindowController.m */; };
		CD1BFEB8231112A700230AE2 /* Update.m in Sources */ = {isa = PBXBuildFile; fileRef = CD1BFEB5231112A700230AE2 /* Update.m */; };
		CD1BFEBB231116CD00230AE2 /* NSApplicationKeyEvents.m in Sources */ = {isa = PBXBuildFile; fileRef = CD1BFEBA231116CD00230AE2 /* NSApplicationKeyEvents.m */; };
		CD1DFE1622F61ACA002112FA /* AboutWindow.xib in Resources */ = {isa = PBXBuildFile; fileRef = CD1DFE1322F61ACA002112FA /* AboutWindow.xib */; };
		CD1DFE1722F61ACA002112FA /* AboutWindowController.m in Sources */ = {isa = PBXBuildFile; fileRef = CD1DFE1422F61ACA002112FA /* AboutWindowController.m */; };
		CD23BA4322E3A75E00992D1C /* TableViewController.m in Sources */ = {isa = PBXBuildFile; fileRef = CD23BA4222E3A75E00992D1C /* TableViewController.m */; };
		CD23BA4622E3D82D00992D1C /* Item.m in Sources */ = {isa = PBXBuildFile; fileRef = CD23BA4522E3D82D00992D1C /* Item.m */; };
		CD3126AE22E442C500B819B3 /* CustomRow.m in Sources */ = {isa = PBXBuildFile; fileRef = CD3126AA22E442C500B819B3 /* CustomRow.m */; };
		CD73A8B522D1AB4200464867 /* Monitor.m in Sources */ = {isa = PBXBuildFile; fileRef = CD73A8B422D1AB4200464867 /* Monitor.m */; };
		CD73A8B822D1ABA900464867 /* Event.m in Sources */ = {isa = PBXBuildFile; fileRef = CD73A8B722D1ABA900464867 /* Event.m */; };
		CD73A8BB22D1BB7600464867 /* NetworkStatistics.framework in Frameworks */ = {isa = PBXBuildFile; fileRef = CD73A8BA22D1BB7600464867 /* NetworkStatistics.framework */; };
		CD73A8F022DBCA2700464867 /* libprocInfo.a in Frameworks */ = {isa = PBXBuildFile; fileRef = CD73A8EF22DBCA2600464867 /* libprocInfo.a */; };
		CD73A8F322DBE4BF00464867 /* utilities.m in Sources */ = {isa = PBXBuildFile; fileRef = CD73A8F222DBE4BF00464867 /* utilities.m */; };
		CD75D96B22CB36D70085361F /* AppDelegate.m in Sources */ = {isa = PBXBuildFile; fileRef = CD75D96A22CB36D70085361F /* AppDelegate.m */; };
		CD75D96D22CB36D90085361F /* Assets.xcassets in Resources */ = {isa = PBXBuildFile; fileRef = CD75D96C22CB36D90085361F /* Assets.xcassets */; };
		CD75D97022CB36D90085361F /* MainMenu.xib in Resources */ = {isa = PBXBuildFile; fileRef = CD75D96E22CB36D90085361F /* MainMenu.xib */; };
		CD75D97322CB36D90085361F /* main.m in Sources */ = {isa = PBXBuildFile; fileRef = CD75D97222CB36D90085361F /* main.m */; };
		CD82468522F921F20080CE10 /* OrderedDictionary.m in Sources */ = {isa = PBXBuildFile; fileRef = CD82468322F921F20080CE10 /* OrderedDictionary.m */; };
		CDFCAE48230B8C7B005FA66B /* sort.m in Sources */ = {isa = PBXBuildFile; fileRef = CDFCAE47230B8C7B005FA66B /* sort.m */; };
		CDFCAE4C230BD75A005FA66B /* logging.m in Sources */ = {isa = PBXBuildFile; fileRef = CDFCAE4B230BD75A005FA66B /* logging.m */; };
		CDFCAE4E230BD7D1005FA66B /* Sentry.framework in Frameworks */ = {isa = PBXBuildFile; fileRef = CDFCAE4D230BD7D0005FA66B /* Sentry.framework */; };
		CDFCAE50230BD815005FA66B /* Sentry.framework in Copy Frameworks */ = {isa = PBXBuildFile; fileRef = CDFCAE4D230BD7D0005FA66B /* Sentry.framework */; settings = {ATTRIBUTES = (CodeSignOnCopy, RemoveHeadersOnCopy, ); }; };
		CDFCAE52230BE5D4005FA66B /* patrons.txt in Resources */ = {isa = PBXBuildFile; fileRef = CDFCAE51230BE5D4005FA66B /* patrons.txt */; };
/* End PBXBuildFile section */

/* Begin PBXCopyFilesBuildPhase section */
		CDFCAE4F230BD80D005FA66B /* Copy Frameworks */ = {
			isa = PBXCopyFilesBuildPhase;
			buildActionMask = 2147483647;
			dstPath = "";
			dstSubfolderSpec = 10;
			files = (
				CDFCAE50230BD815005FA66B /* Sentry.framework in Copy Frameworks */,
			);
			name = "Copy Frameworks";
			runOnlyForDeploymentPostprocessing = 0;
		};
/* End PBXCopyFilesBuildPhase section */

/* Begin PBXFileReference section */
		CD1A7F60284C5E360038675C /* PrefsWindowController.m */ = {isa = PBXFileReference; fileEncoding = 4; lastKnownFileType = sourcecode.c.objc; path = PrefsWindowController.m; sourceTree = "<group>"; };
		CD1A7F61284C5E360038675C /* Preferences.xib */ = {isa = PBXFileReference; fileEncoding = 4; lastKnownFileType = file.xib; path = Preferences.xib; sourceTree = "<group>"; };
		CD1A7F62284C5E360038675C /* PrefsWindowController.h */ = {isa = PBXFileReference; fileEncoding = 4; lastKnownFileType = sourcecode.c.h; path = PrefsWindowController.h; sourceTree = "<group>"; };
		CD1BFEB1231112A700230AE2 /* Update.h */ = {isa = PBXFileReference; fileEncoding = 4; lastKnownFileType = sourcecode.c.h; path = Update.h; sourceTree = "<group>"; };
		CD1BFEB2231112A700230AE2 /* UpdateWindow.xib */ = {isa = PBXFileReference; fileEncoding = 4; lastKnownFileType = file.xib; path = UpdateWindow.xib; sourceTree = "<group>"; };
		CD1BFEB3231112A700230AE2 /* UpdateWindowController.h */ = {isa = PBXFileReference; fileEncoding = 4; lastKnownFileType = sourcecode.c.h; path = UpdateWindowController.h; sourceTree = "<group>"; };
		CD1BFEB4231112A700230AE2 /* UpdateWindowController.m */ = {isa = PBXFileReference; fileEncoding = 4; lastKnownFileType = sourcecode.c.objc; path = UpdateWindowController.m; sourceTree = "<group>"; };
		CD1BFEB5231112A700230AE2 /* Update.m */ = {isa = PBXFileReference; fileEncoding = 4; lastKnownFileType = sourcecode.c.objc; path = Update.m; sourceTree = "<group>"; };
		CD1BFEB9231116CD00230AE2 /* NSApplicationKeyEvents.h */ = {isa = PBXFileReference; fileEncoding = 4; lastKnownFileType = sourcecode.c.h; path = NSApplicationKeyEvents.h; sourceTree = "<group>"; };
		CD1BFEBA231116CD00230AE2 /* NSApplicationKeyEvents.m */ = {isa = PBXFileReference; fileEncoding = 4; lastKnownFileType = sourcecode.c.objc; path = NSApplicationKeyEvents.m; sourceTree = "<group>"; };
		CD1DFE1322F61ACA002112FA /* AboutWindow.xib */ = {isa = PBXFileReference; fileEncoding = 4; lastKnownFileType = file.xib; path = AboutWindow.xib; sourceTree = "<group>"; };
		CD1DFE1422F61ACA002112FA /* AboutWindowController.m */ = {isa = PBXFileReference; fileEncoding = 4; lastKnownFileType = sourcecode.c.objc; path = AboutWindowController.m; sourceTree = "<group>"; };
		CD1DFE1522F61ACA002112FA /* AboutWindowController.h */ = {isa = PBXFileReference; fileEncoding = 4; lastKnownFileType = sourcecode.c.h; path = AboutWindowController.h; sourceTree = "<group>"; };
		CD23BA4122E3A75E00992D1C /* TableViewController.h */ = {isa = PBXFileReference; lastKnownFileType = sourcecode.c.h; path = TableViewController.h; sourceTree = "<group>"; };
		CD23BA4222E3A75E00992D1C /* TableViewController.m */ = {isa = PBXFileReference; lastKnownFileType = sourcecode.c.objc; path = TableViewController.m; sourceTree = "<group>"; };
		CD23BA4422E3D82D00992D1C /* Item.h */ = {isa = PBXFileReference; lastKnownFileType = sourcecode.c.h; path = Item.h; sourceTree = "<group>"; };
		CD23BA4522E3D82D00992D1C /* Item.m */ = {isa = PBXFileReference; lastKnownFileType = sourcecode.c.objc; path = Item.m; sourceTree = "<group>"; };
		CD3126AA22E442C500B819B3 /* CustomRow.m */ = {isa = PBXFileReference; fileEncoding = 4; lastKnownFileType = sourcecode.c.objc; path = CustomRow.m; sourceTree = "<group>"; };
		CD3126AC22E442C500B819B3 /* CustomRow.h */ = {isa = PBXFileReference; fileEncoding = 4; lastKnownFileType = sourcecode.c.h; path = CustomRow.h; sourceTree = "<group>"; };
		CD73A8B322D1AB4200464867 /* Monitor.h */ = {isa = PBXFileReference; lastKnownFileType = sourcecode.c.h; path = Monitor.h; sourceTree = "<group>"; };
		CD73A8B422D1AB4200464867 /* Monitor.m */ = {isa = PBXFileReference; lastKnownFileType = sourcecode.c.objc; path = Monitor.m; sourceTree = "<group>"; };
		CD73A8B622D1ABA900464867 /* Event.h */ = {isa = PBXFileReference; lastKnownFileType = sourcecode.c.h; path = Event.h; sourceTree = "<group>"; };
		CD73A8B722D1ABA900464867 /* Event.m */ = {isa = PBXFileReference; lastKnownFileType = sourcecode.c.objc; path = Event.m; sourceTree = "<group>"; };
		CD73A8BA22D1BB7600464867 /* NetworkStatistics.framework */ = {isa = PBXFileReference; lastKnownFileType = wrapper.framework; name = NetworkStatistics.framework; path = ../../../../System/Library/PrivateFrameworks/NetworkStatistics.framework; sourceTree = "<group>"; };
		CD73A8BC22D1C03700464867 /* Netiquette.entitlements */ = {isa = PBXFileReference; lastKnownFileType = text.plist.entitlements; path = Netiquette.entitlements; sourceTree = "<group>"; };
		CD73A8EE22DBC9E400464867 /* procInfo.h */ = {isa = PBXFileReference; fileEncoding = 4; lastKnownFileType = sourcecode.c.h; name = procInfo.h; path = Netiquette/procInfo/procInfo.h; sourceTree = "<group>"; };
		CD73A8EF22DBCA2600464867 /* libprocInfo.a */ = {isa = PBXFileReference; lastKnownFileType = archive.ar; name = libprocInfo.a; path = Netiquette/procInfo/libprocInfo.a; sourceTree = "<group>"; };
		CD73A8F122DBE09A00464867 /* consts.h */ = {isa = PBXFileReference; lastKnownFileType = sourcecode.c.h; path = consts.h; sourceTree = "<group>"; };
		CD73A8F222DBE4BF00464867 /* utilities.m */ = {isa = PBXFileReference; lastKnownFileType = sourcecode.c.objc; path = utilities.m; sourceTree = "<group>"; };
		CD73A8F422DBE4D400464867 /* utilities.h */ = {isa = PBXFileReference; lastKnownFileType = sourcecode.c.h; path = utilities.h; sourceTree = "<group>"; };
		CD73A8F522DBE72900464867 /* main.h */ = {isa = PBXFileReference; lastKnownFileType = sourcecode.c.h; path = main.h; sourceTree = "<group>"; };
		CD75D96622CB36D70085361F /* Netiquette.app */ = {isa = PBXFileReference; explicitFileType = wrapper.application; includeInIndex = 0; path = Netiquette.app; sourceTree = BUILT_PRODUCTS_DIR; };
		CD75D96922CB36D70085361F /* AppDelegate.h */ = {isa = PBXFileReference; lastKnownFileType = sourcecode.c.h; path = AppDelegate.h; sourceTree = "<group>"; };
		CD75D96A22CB36D70085361F /* AppDelegate.m */ = {isa = PBXFileReference; lastKnownFileType = sourcecode.c.objc; path = AppDelegate.m; sourceTree = "<group>"; };
		CD75D96C22CB36D90085361F /* Assets.xcassets */ = {isa = PBXFileReference; lastKnownFileType = folder.assetcatalog; path = Assets.xcassets; sourceTree = "<group>"; };
		CD75D96F22CB36D90085361F /* Base */ = {isa = PBXFileReference; lastKnownFileType = file.xib; name = Base; path = Base.lproj/MainMenu.xib; sourceTree = "<group>"; };
		CD75D97122CB36D90085361F /* Info.plist */ = {isa = PBXFileReference; lastKnownFileType = text.plist.xml; path = Info.plist; sourceTree = "<group>"; };
		CD75D97222CB36D90085361F /* main.m */ = {isa = PBXFileReference; lastKnownFileType = sourcecode.c.objc; path = main.m; sourceTree = "<group>"; };
		CD82468322F921F20080CE10 /* OrderedDictionary.m */ = {isa = PBXFileReference; fileEncoding = 4; lastKnownFileType = sourcecode.c.objc; name = OrderedDictionary.m; path = "Netiquette/3rd-party/OrderedDictionary.m"; sourceTree = SOURCE_ROOT; };
		CD82468422F921F20080CE10 /* OrderedDictionary.h */ = {isa = PBXFileReference; fileEncoding = 4; lastKnownFileType = sourcecode.c.h; name = OrderedDictionary.h; path = "Netiquette/3rd-party/OrderedDictionary.h"; sourceTree = SOURCE_ROOT; };
		CDFCAE47230B8C7B005FA66B /* sort.m */ = {isa = PBXFileReference; lastKnownFileType = sourcecode.c.objc; path = sort.m; sourceTree = "<group>"; };
		CDFCAE49230B8C8D005FA66B /* sort.h */ = {isa = PBXFileReference; lastKnownFileType = sourcecode.c.h; path = sort.h; sourceTree = "<group>"; };
		CDFCAE4A230BD75A005FA66B /* logging.h */ = {isa = PBXFileReference; fileEncoding = 4; lastKnownFileType = sourcecode.c.h; path = logging.h; sourceTree = "<group>"; };
		CDFCAE4B230BD75A005FA66B /* logging.m */ = {isa = PBXFileReference; fileEncoding = 4; lastKnownFileType = sourcecode.c.objc; path = logging.m; sourceTree = "<group>"; };
		CDFCAE4D230BD7D0005FA66B /* Sentry.framework */ = {isa = PBXFileReference; lastKnownFileType = wrapper.framework; name = Sentry.framework; path = Carthage/Build/Mac/Sentry.framework; sourceTree = "<group>"; };
		CDFCAE51230BE5D4005FA66B /* patrons.txt */ = {isa = PBXFileReference; fileEncoding = 4; lastKnownFileType = text; path = patrons.txt; sourceTree = "<group>"; };
/* End PBXFileReference section */

/* Begin PBXFrameworksBuildPhase section */
		CD75D96322CB36D70085361F /* Frameworks */ = {
			isa = PBXFrameworksBuildPhase;
			buildActionMask = 2147483647;
			files = (
				CD73A8BB22D1BB7600464867 /* NetworkStatistics.framework in Frameworks */,
				CDFCAE4E230BD7D1005FA66B /* Sentry.framework in Frameworks */,
				CD73A8F022DBCA2700464867 /* libprocInfo.a in Frameworks */,
			);
			runOnlyForDeploymentPostprocessing = 0;
		};
/* End PBXFrameworksBuildPhase section */

/* Begin PBXGroup section */
		CD73A8B922D1BB7600464867 /* Frameworks */ = {
			isa = PBXGroup;
			children = (
				CD73A8EF22DBCA2600464867 /* libprocInfo.a */,
				CDFCAE4D230BD7D0005FA66B /* Sentry.framework */,
				CD73A8BA22D1BB7600464867 /* NetworkStatistics.framework */,
			);
			name = Frameworks;
			sourceTree = "<group>";
		};
		CD75D95D22CB36D70085361F = {
			isa = PBXGroup;
			children = (
				CD82468222F921D80080CE10 /* 3rd-Party */,
				CD73A8EE22DBC9E400464867 /* procInfo.h */,
				CD75D96822CB36D70085361F /* Netiquette */,
				CD75D96722CB36D70085361F /* Products */,
				CD73A8B922D1BB7600464867 /* Frameworks */,
			);
			sourceTree = "<group>";
		};
		CD75D96722CB36D70085361F /* Products */ = {
			isa = PBXGroup;
			children = (
				CD75D96622CB36D70085361F /* Netiquette.app */,
			);
			name = Products;
			sourceTree = "<group>";
		};
		CD75D96822CB36D70085361F /* Netiquette */ = {
			isa = PBXGroup;
			children = (
				CD1DFE1322F61ACA002112FA /* AboutWindow.xib */,
				CD1DFE1522F61ACA002112FA /* AboutWindowController.h */,
				CD1DFE1422F61ACA002112FA /* AboutWindowController.m */,
				CD75D96922CB36D70085361F /* AppDelegate.h */,
				CD75D96A22CB36D70085361F /* AppDelegate.m */,
				CD75D96C22CB36D90085361F /* Assets.xcassets */,
				CD73A8F122DBE09A00464867 /* consts.h */,
				CD3126AC22E442C500B819B3 /* CustomRow.h */,
				CD3126AA22E442C500B819B3 /* CustomRow.m */,
				CD73A8B622D1ABA900464867 /* Event.h */,
				CD73A8B722D1ABA900464867 /* Event.m */,
				CD75D97122CB36D90085361F /* Info.plist */,
				CD23BA4422E3D82D00992D1C /* Item.h */,
				CD23BA4522E3D82D00992D1C /* Item.m */,
				CDFCAE4A230BD75A005FA66B /* logging.h */,
				CDFCAE4B230BD75A005FA66B /* logging.m */,
				CD73A8F522DBE72900464867 /* main.h */,
				CD75D97222CB36D90085361F /* main.m */,
				CD75D96E22CB36D90085361F /* MainMenu.xib */,
				CD73A8B322D1AB4200464867 /* Monitor.h */,
				CD73A8B422D1AB4200464867 /* Monitor.m */,
				CD73A8BC22D1C03700464867 /* Netiquette.entitlements */,
				CD1BFEB9231116CD00230AE2 /* NSApplicationKeyEvents.h */,
				CD1BFEBA231116CD00230AE2 /* NSApplicationKeyEvents.m */,
				CDFCAE51230BE5D4005FA66B /* patrons.txt */,
				CDFCAE49230B8C8D005FA66B /* sort.h */,
				CDFCAE47230B8C7B005FA66B /* sort.m */,
				CD23BA4122E3A75E00992D1C /* TableViewController.h */,
				CD23BA4222E3A75E00992D1C /* TableViewController.m */,
				CD1BFEB1231112A700230AE2 /* Update.h */,
				CD1BFEB5231112A700230AE2 /* Update.m */,
				CD1A7F61284C5E360038675C /* Preferences.xib */,
				CD1A7F62284C5E360038675C /* PrefsWindowController.h */,
				CD1A7F60284C5E360038675C /* PrefsWindowController.m */,
				CD1BFEB2231112A700230AE2 /* UpdateWindow.xib */,
				CD1BFEB3231112A700230AE2 /* UpdateWindowController.h */,
				CD1BFEB4231112A700230AE2 /* UpdateWindowController.m */,
				CD73A8F422DBE4D400464867 /* utilities.h */,
				CD73A8F222DBE4BF00464867 /* utilities.m */,
			);
			path = Netiquette;
			sourceTree = "<group>";
		};
		CD82468222F921D80080CE10 /* 3rd-Party */ = {
			isa = PBXGroup;
			children = (
				CD82468422F921F20080CE10 /* OrderedDictionary.h */,
				CD82468322F921F20080CE10 /* OrderedDictionary.m */,
			);
			path = "3rd-Party";
			sourceTree = "<group>";
		};
/* End PBXGroup section */

/* Begin PBXNativeTarget section */
		CD75D96522CB36D70085361F /* Netiquette */ = {
			isa = PBXNativeTarget;
			buildConfigurationList = CD75D97722CB36D90085361F /* Build configuration list for PBXNativeTarget "Netiquette" */;
			buildPhases = (
				CD75D96222CB36D70085361F /* Sources */,
				CD75D96322CB36D70085361F /* Frameworks */,
				CD75D96422CB36D70085361F /* Resources */,
				CDFCAE4F230BD80D005FA66B /* Copy Frameworks */,
			);
			buildRules = (
			);
			dependencies = (
			);
			name = Netiquette;
			productName = Netiquette;
			productReference = CD75D96622CB36D70085361F /* Netiquette.app */;
			productType = "com.apple.product-type.application";
		};
/* End PBXNativeTarget section */

/* Begin PBXProject section */
		CD75D95E22CB36D70085361F /* Project object */ = {
			isa = PBXProject;
			attributes = {
				LastUpgradeCheck = 1020;
				ORGANIZATIONNAME = "Objective-See";
				TargetAttributes = {
					CD75D96522CB36D70085361F = {
						CreatedOnToolsVersion = 10.2.1;
						SystemCapabilities = {
							com.apple.HardenedRuntime = {
								enabled = 1;
							};
						};
					};
				};
			};
			buildConfigurationList = CD75D96122CB36D70085361F /* Build configuration list for PBXProject "Netiquette" */;
			compatibilityVersion = "Xcode 9.3";
			developmentRegion = en;
			hasScannedForEncodings = 0;
			knownRegions = (
				en,
				Base,
			);
			mainGroup = CD75D95D22CB36D70085361F;
			productRefGroup = CD75D96722CB36D70085361F /* Products */;
			projectDirPath = "";
			projectRoot = "";
			targets = (
				CD75D96522CB36D70085361F /* Netiquette */,
			);
		};
/* End PBXProject section */

/* Begin PBXResourcesBuildPhase section */
		CD75D96422CB36D70085361F /* Resources */ = {
			isa = PBXResourcesBuildPhase;
			buildActionMask = 2147483647;
			files = (
				CDFCAE52230BE5D4005FA66B /* patrons.txt in Resources */,
				CD75D96D22CB36D90085361F /* Assets.xcassets in Resources */,
				CD75D97022CB36D90085361F /* MainMenu.xib in Resources */,
				CD1BFEB6231112A700230AE2 /* UpdateWindow.xib in Resources */,
				CD1A7F64284C5E360038675C /* Preferences.xib in Resources */,
				CD1DFE1622F61ACA002112FA /* AboutWindow.xib in Resources */,
			);
			runOnlyForDeploymentPostprocessing = 0;
		};
/* End PBXResourcesBuildPhase section */

/* Begin PBXSourcesBuildPhase section */
		CD75D96222CB36D70085361F /* Sources */ = {
			isa = PBXSourcesBuildPhase;
			buildActionMask = 2147483647;
			files = (
				CD1BFEB8231112A700230AE2 /* Update.m in Sources */,
				CD3126AE22E442C500B819B3 /* CustomRow.m in Sources */,
				CD73A8B822D1ABA900464867 /* Event.m in Sources */,
				CD23BA4322E3A75E00992D1C /* TableViewController.m in Sources */,
				CD75D97322CB36D90085361F /* main.m in Sources */,
				CDFCAE48230B8C7B005FA66B /* sort.m in Sources */,
				CD1BFEB7231112A700230AE2 /* UpdateWindowController.m in Sources */,
				CD75D96B22CB36D70085361F /* AppDelegate.m in Sources */,
				CD73A8F322DBE4BF00464867 /* utilities.m in Sources */,
				CDFCAE4C230BD75A005FA66B /* logging.m in Sources */,
				CD23BA4622E3D82D00992D1C /* Item.m in Sources */,
				CD1BFEBB231116CD00230AE2 /* NSApplicationKeyEvents.m in Sources */,
				CD73A8B522D1AB4200464867 /* Monitor.m in Sources */,
				CD1DFE1722F61ACA002112FA /* AboutWindowController.m in Sources */,
				CD1A7F63284C5E360038675C /* PrefsWindowController.m in Sources */,
				CD82468522F921F20080CE10 /* OrderedDictionary.m in Sources */,
			);
			runOnlyForDeploymentPostprocessing = 0;
		};
/* End PBXSourcesBuildPhase section */

/* Begin PBXVariantGroup section */
		CD75D96E22CB36D90085361F /* MainMenu.xib */ = {
			isa = PBXVariantGroup;
			children = (
				CD75D96F22CB36D90085361F /* Base */,
			);
			name = MainMenu.xib;
			sourceTree = "<group>";
		};
/* End PBXVariantGroup section */

/* Begin XCBuildConfiguration section */
		CD75D97522CB36D90085361F /* Debug */ = {
			isa = XCBuildConfiguration;
			buildSettings = {
				ALWAYS_SEARCH_USER_PATHS = NO;
				CLANG_ANALYZER_NONNULL = YES;
				CLANG_ANALYZER_NUMBER_OBJECT_CONVERSION = YES_AGGRESSIVE;
				CLANG_CXX_LANGUAGE_STANDARD = "gnu++14";
				CLANG_CXX_LIBRARY = "libc++";
				CLANG_ENABLE_MODULES = YES;
				CLANG_ENABLE_OBJC_ARC = YES;
				CLANG_ENABLE_OBJC_WEAK = YES;
				CLANG_WARN_BLOCK_CAPTURE_AUTORELEASING = YES;
				CLANG_WARN_BOOL_CONVERSION = YES;
				CLANG_WARN_COMMA = YES;
				CLANG_WARN_CONSTANT_CONVERSION = YES;
				CLANG_WARN_DEPRECATED_OBJC_IMPLEMENTATIONS = YES;
				CLANG_WARN_DIRECT_OBJC_ISA_USAGE = YES_ERROR;
				CLANG_WARN_DOCUMENTATION_COMMENTS = YES;
				CLANG_WARN_EMPTY_BODY = YES;
				CLANG_WARN_ENUM_CONVERSION = YES;
				CLANG_WARN_INFINITE_RECURSION = YES;
				CLANG_WARN_INT_CONVERSION = YES;
				CLANG_WARN_NON_LITERAL_NULL_CONVERSION = YES;
				CLANG_WARN_OBJC_IMPLICIT_RETAIN_SELF = YES;
				CLANG_WARN_OBJC_LITERAL_CONVERSION = YES;
				CLANG_WARN_OBJC_ROOT_CLASS = YES_ERROR;
				CLANG_WARN_RANGE_LOOP_ANALYSIS = YES;
				CLANG_WARN_STRICT_PROTOTYPES = YES;
				CLANG_WARN_SUSPICIOUS_MOVE = YES;
				CLANG_WARN_UNGUARDED_AVAILABILITY = YES_AGGRESSIVE;
				CLANG_WARN_UNREACHABLE_CODE = YES;
				CLANG_WARN__DUPLICATE_METHOD_MATCH = YES;
				CODE_SIGN_IDENTITY = "Mac Developer";
				COPY_PHASE_STRIP = NO;
				DEBUG_INFORMATION_FORMAT = dwarf;
				ENABLE_STRICT_OBJC_MSGSEND = YES;
				ENABLE_TESTABILITY = YES;
				GCC_C_LANGUAGE_STANDARD = gnu11;
				GCC_DYNAMIC_NO_PIC = NO;
				GCC_NO_COMMON_BLOCKS = YES;
				GCC_OPTIMIZATION_LEVEL = 0;
				GCC_PREPROCESSOR_DEFINITIONS = (
					"DEBUG=1",
					"$(inherited)",
				);
				GCC_WARN_64_TO_32_BIT_CONVERSION = YES;
				GCC_WARN_ABOUT_RETURN_TYPE = YES_ERROR;
				GCC_WARN_UNDECLARED_SELECTOR = YES;
				GCC_WARN_UNINITIALIZED_AUTOS = YES_AGGRESSIVE;
				GCC_WARN_UNUSED_FUNCTION = YES;
				GCC_WARN_UNUSED_VARIABLE = YES;
				MACOSX_DEPLOYMENT_TARGET = 10.10;
				MTL_ENABLE_DEBUG_INFO = INCLUDE_SOURCE;
				MTL_FAST_MATH = YES;
				ONLY_ACTIVE_ARCH = YES;
				SDKROOT = macosx;
			};
			name = Debug;
		};
		CD75D97622CB36D90085361F /* Release */ = {
			isa = XCBuildConfiguration;
			buildSettings = {
				ALWAYS_SEARCH_USER_PATHS = NO;
				CLANG_ANALYZER_NONNULL = YES;
				CLANG_ANALYZER_NUMBER_OBJECT_CONVERSION = YES_AGGRESSIVE;
				CLANG_CXX_LANGUAGE_STANDARD = "gnu++14";
				CLANG_CXX_LIBRARY = "libc++";
				CLANG_ENABLE_MODULES = YES;
				CLANG_ENABLE_OBJC_ARC = YES;
				CLANG_ENABLE_OBJC_WEAK = YES;
				CLANG_WARN_BLOCK_CAPTURE_AUTORELEASING = YES;
				CLANG_WARN_BOOL_CONVERSION = YES;
				CLANG_WARN_COMMA = YES;
				CLANG_WARN_CONSTANT_CONVERSION = YES;
				CLANG_WARN_DEPRECATED_OBJC_IMPLEMENTATIONS = YES;
				CLANG_WARN_DIRECT_OBJC_ISA_USAGE = YES_ERROR;
				CLANG_WARN_DOCUMENTATION_COMMENTS = YES;
				CLANG_WARN_EMPTY_BODY = YES;
				CLANG_WARN_ENUM_CONVERSION = YES;
				CLANG_WARN_INFINITE_RECURSION = YES;
				CLANG_WARN_INT_CONVERSION = YES;
				CLANG_WARN_NON_LITERAL_NULL_CONVERSION = YES;
				CLANG_WARN_OBJC_IMPLICIT_RETAIN_SELF = YES;
				CLANG_WARN_OBJC_LITERAL_CONVERSION = YES;
				CLANG_WARN_OBJC_ROOT_CLASS = YES_ERROR;
				CLANG_WARN_RANGE_LOOP_ANALYSIS = YES;
				CLANG_WARN_STRICT_PROTOTYPES = YES;
				CLANG_WARN_SUSPICIOUS_MOVE = YES;
				CLANG_WARN_UNGUARDED_AVAILABILITY = YES_AGGRESSIVE;
				CLANG_WARN_UNREACHABLE_CODE = YES;
				CLANG_WARN__DUPLICATE_METHOD_MATCH = YES;
				CODE_SIGN_IDENTITY = "Mac Developer";
				COPY_PHASE_STRIP = NO;
				DEBUG_INFORMATION_FORMAT = "dwarf-with-dsym";
				ENABLE_NS_ASSERTIONS = NO;
				ENABLE_STRICT_OBJC_MSGSEND = YES;
				GCC_C_LANGUAGE_STANDARD = gnu11;
				GCC_NO_COMMON_BLOCKS = YES;
				GCC_WARN_64_TO_32_BIT_CONVERSION = YES;
				GCC_WARN_ABOUT_RETURN_TYPE = YES_ERROR;
				GCC_WARN_UNDECLARED_SELECTOR = YES;
				GCC_WARN_UNINITIALIZED_AUTOS = YES_AGGRESSIVE;
				GCC_WARN_UNUSED_FUNCTION = YES;
				GCC_WARN_UNUSED_VARIABLE = YES;
				MACOSX_DEPLOYMENT_TARGET = 10.10;
				MTL_ENABLE_DEBUG_INFO = NO;
				MTL_FAST_MATH = YES;
				SDKROOT = macosx;
			};
			name = Release;
		};
		CD75D97822CB36D90085361F /* Debug */ = {
			isa = XCBuildConfiguration;
			buildSettings = {
				ASSETCATALOG_COMPILER_APPICON_NAME = AppIcon;
				CODE_SIGN_IDENTITY = "Developer ID Application";
				CODE_SIGN_STYLE = Manual;
				COMBINE_HIDPI_IMAGES = YES;
				CURRENT_PROJECT_VERSION = 2.1.1;
				DEVELOPMENT_TEAM = VBG97UB4TA;
				ENABLE_HARDENED_RUNTIME = YES;
				FRAMEWORK_SEARCH_PATHS = (
					"$(inherited)",
					"$(PROJECT_DIR)/Carthage/Build/Mac",
				);
				INFOPLIST_FILE = Netiquette/Info.plist;
				LD_RUNPATH_SEARCH_PATHS = (
					"$(inherited)",
					"@executable_path/../Frameworks",
				);
				LIBRARY_SEARCH_PATHS = (
					"$(inherited)",
					"$(PROJECT_DIR)/Netiquette/procInfo",
				);
				MARKETING_VERSION = 2.1.1;
				PRODUCT_BUNDLE_IDENTIFIER = "com.objective-see.Netiquette";
				PRODUCT_NAME = "$(TARGET_NAME)";
				PROVISIONING_PROFILE_SPECIFIER = "";
				SYSTEM_FRAMEWORK_SEARCH_PATHS = (
					"$(inherited)",
					"$(SYSTEM_LIBRARY_DIR)/PrivateFrameworks",
				);
			};
			name = Debug;
		};
		CD75D97922CB36D90085361F /* Release */ = {
			isa = XCBuildConfiguration;
			buildSettings = {
				ASSETCATALOG_COMPILER_APPICON_NAME = AppIcon;
				CODE_SIGN_IDENTITY = "Developer ID Application";
				CODE_SIGN_STYLE = Manual;
				COMBINE_HIDPI_IMAGES = YES;
				CURRENT_PROJECT_VERSION = 2.1.1;
				DEVELOPMENT_TEAM = VBG97UB4TA;
				ENABLE_HARDENED_RUNTIME = YES;
				FRAMEWORK_SEARCH_PATHS = (
					"$(inherited)",
					"$(PROJECT_DIR)/Carthage/Build/Mac",
				);
				INFOPLIST_FILE = Netiquette/Info.plist;
				LD_RUNPATH_SEARCH_PATHS = (
					"$(inherited)",
					"@executable_path/../Frameworks",
				);
				LIBRARY_SEARCH_PATHS = (
					"$(inherited)",
					"$(PROJECT_DIR)/Netiquette/procInfo",
				);
				MARKETING_VERSION = 2.1.1;
				PRODUCT_BUNDLE_IDENTIFIER = "com.objective-see.Netiquette";
				PRODUCT_NAME = "$(TARGET_NAME)";
				PROVISIONING_PROFILE_SPECIFIER = "";
				SYSTEM_FRAMEWORK_SEARCH_PATHS = (
					"$(inherited)",
					"$(SYSTEM_LIBRARY_DIR)/PrivateFrameworks",
				);
			};
			name = Release;
		};
/* End XCBuildConfiguration section */

/* Begin XCConfigurationList section */
		CD75D96122CB36D70085361F /* Build configuration list for PBXProject "Netiquette" */ = {
			isa = XCConfigurationList;
			buildConfigurations = (
				CD75D97522CB36D90085361F /* Debug */,
				CD75D97622CB36D90085361F /* Release */,
			);
			defaultConfigurationIsVisible = 0;
			defaultConfigurationName = Release;
		};
		CD75D97722CB36D90085361F /* Build configuration list for PBXNativeTarget "Netiquette" */ = {
			isa = XCConfigurationList;
			buildConfigurations = (
				CD75D97822CB36D90085361F /* Debug */,
				CD75D97922CB36D90085361F /* Release */,
			);
			defaultConfigurationIsVisible = 0;
			defaultConfigurationName = Release;
		};
/* End XCConfigurationList section */
	};
	rootObject = CD75D95E22CB36D70085361F /* Project object */;
}
